
Microsoft Visual Studio Solution File, Format Version 12.00
# Visual Studio 15
VisualStudioVersion = 15.0.26124.0
MinimumVisualStudioVersion = 15.0.26124.0
Project("{FAE04EC0-301F-11D3-BF4B-00C04F79EFBC}") = "GridExSample", "GridExSample\GridExSample.csproj", "{F7111B8C-830B-431F-A517-C743C3D38D65}"
EndProject
Project("{FAE04EC0-301F-11D3-BF4B-00C04F79EFBC}") = "GridExtra.Avalonia", "GridExtra.Avalonia\GridExtra.Avalonia.csproj", "{F577ED4E-1E63-4701-A32E-98E3104CDAFA}"
EndProject
Project("{FAE04EC0-301F-11D3-BF4B-00C04F79EFBC}") = "ResponsiveGridSample", "ResponsiveGridSample\ResponsiveGridSample.csproj", "{75CB8E76-D781-47B5-9225-B5C415152E5C}"
EndProject
Global
	GlobalSection(SolutionConfigurationPlatforms) = preSolution
		Debug|Any CPU = Debug|Any CPU
		Debug|x64 = Debug|x64
		Debug|x86 = Debug|x86
		Release|Any CPU = Release|Any CPU
		Release|x64 = Release|x64
		Release|x86 = Release|x86
	EndGlobalSection
	GlobalSection(SolutionProperties) = preSolution
		HideSolutionNode = FALSE
	EndGlobalSection
	GlobalSection(ProjectConfigurationPlatforms) = postSolution
		{F7111B8C-830B-431F-A517-C743C3D38D65}.Debug|Any CPU.ActiveCfg = Debug|Any CPU
		{F7111B8C-830B-431F-A517-C743C3D38D65}.Debug|Any CPU.Build.0 = Debug|Any CPU
		{F7111B8C-830B-431F-A517-C743C3D38D65}.Debug|x64.ActiveCfg = Debug|Any CPU
		{F7111B8C-830B-431F-A517-C743C3D38D65}.Debug|x64.Build.0 = Debug|Any CPU
		{F7111B8C-830B-431F-A517-C743C3D38D65}.Debug|x86.ActiveCfg = Debug|Any CPU
		{F7111B8C-830B-431F-A517-C743C3D38D65}.Debug|x86.Build.0 = Debug|Any CPU
		{F7111B8C-830B-431F-A517-C743C3D38D65}.Release|Any CPU.ActiveCfg = Release|Any CPU
		{F7111B8C-830B-431F-A517-C743C3D38D65}.Release|Any CPU.Build.0 = Release|Any CPU
		{F7111B8C-830B-431F-A517-C743C3D38D65}.Release|x64.ActiveCfg = Release|Any CPU
		{F7111B8C-830B-431F-A517-C743C3D38D65}.Release|x64.Build.0 = Release|Any CPU
		{F7111B8C-830B-431F-A517-C743C3D38D65}.Release|x86.ActiveCfg = Release|Any CPU
		{F7111B8C-830B-431F-A517-C743C3D38D65}.Release|x86.Build.0 = Release|Any CPU
		{F577ED4E-1E63-4701-A32E-98E3104CDAFA}.Debug|Any CPU.ActiveCfg = Debug|Any CPU
		{F577ED4E-1E63-4701-A32E-98E3104CDAFA}.Debug|Any CPU.Build.0 = Debug|Any CPU
		{F577ED4E-1E63-4701-A32E-98E3104CDAFA}.Debug|x64.ActiveCfg = Debug|Any CPU
		{F577ED4E-1E63-4701-A32E-98E3104CDAFA}.Debug|x64.Build.0 = Debug|Any CPU
		{F577ED4E-1E63-4701-A32E-98E3104CDAFA}.Debug|x86.ActiveCfg = Debug|Any CPU
		{F577ED4E-1E63-4701-A32E-98E3104CDAFA}.Debug|x86.Build.0 = Debug|Any CPU
		{F577ED4E-1E63-4701-A32E-98E3104CDAFA}.Release|Any CPU.ActiveCfg = Release|Any CPU
		{F577ED4E-1E63-4701-A32E-98E3104CDAFA}.Release|Any CPU.Build.0 = Release|Any CPU
		{F577ED4E-1E63-4701-A32E-98E3104CDAFA}.Release|x64.ActiveCfg = Release|Any CPU
		{F577ED4E-1E63-4701-A32E-98E3104CDAFA}.Release|x64.Build.0 = Release|Any CPU
		{F577ED4E-1E63-4701-A32E-98E3104CDAFA}.Release|x86.ActiveCfg = Release|Any CPU
		{F577ED4E-1E63-4701-A32E-98E3104CDAFA}.Release|x86.Build.0 = Release|Any CPU
		{75CB8E76-D781-47B5-9225-B5C415152E5C}.Debug|Any CPU.ActiveCfg = Debug|Any CPU
		{75CB8E76-D781-47B5-9225-B5C415152E5C}.Debug|Any CPU.Build.0 = Debug|Any CPU
		{75CB8E76-D781-47B5-9225-B5C415152E5C}.Debug|x64.ActiveCfg = Debug|Any CPU
		{75CB8E76-D781-47B5-9225-B5C415152E5C}.Debug|x64.Build.0 = Debug|Any CPU
		{75CB8E76-D781-47B5-9225-B5C415152E5C}.Debug|x86.ActiveCfg = Debug|Any CPU
		{75CB8E76-D781-47B5-9225-B5C415152E5C}.Debug|x86.Build.0 = Debug|Any CPU
		{75CB8E76-D781-47B5-9225-B5C415152E5C}.Release|Any CPU.ActiveCfg = Release|Any CPU
		{75CB8E76-D781-47B5-9225-B5C415152E5C}.Release|Any CPU.Build.0 = Release|Any CPU
		{75CB8E76-D781-47B5-9225-B5C415152E5C}.Release|x64.ActiveCfg = Release|Any CPU
		{75CB8E76-D781-47B5-9225-B5C415152E5C}.Release|x64.Build.0 = Release|Any CPU
		{75CB8E76-D781-47B5-9225-B5C415152E5C}.Release|x86.ActiveCfg = Release|Any CPU
		{75CB8E76-D781-47B5-9225-B5C415152E5C}.Release|x86.Build.0 = Release|Any CPU
	EndGlobalSection
EndGlobal
